
Microsoft Visual Studio Solution File, Format Version 12.00
Project("{FAE04EC0-301F-11D3-BF4B-00C04F79EFBC}") = "Practica2", "Practica2\Practica2.csproj", "{8B8D0D87-6D0D-4BC5-99A2-4FB1A40BFABE}"
EndProject
Global
	GlobalSection(SolutionConfigurationPlatforms) = preSolution
		Debug|Any CPU = Debug|Any CPU
		Release|Any CPU = Release|Any CPU
	EndGlobalSection
	GlobalSection(ProjectConfigurationPlatforms) = postSolution
		{8B8D0D87-6D0D-4BC5-99A2-4FB1A40BFABE}.Debug|Any CPU.ActiveCfg = Debug|Any CPU
		{8B8D0D87-6D0D-4BC5-99A2-4FB1A40BFABE}.Debug|Any CPU.Build.0 = Debug|Any CPU
		{8B8D0D87-6D0D-4BC5-99A2-4FB1A40BFABE}.Release|Any CPU.ActiveCfg = Release|Any CPU
		{8B8D0D87-6D0D-4BC5-99A2-4FB1A40BFABE}.Release|Any CPU.Build.0 = Release|Any CPU
	EndGlobalSection
EndGlobal
