
Microsoft Visual Studio Solution File, Format Version 12.00
Project("{FAE04EC0-301F-11D3-BF4B-00C04F79EFBC}") = "Practica3", "Practica3\Practica3.csproj", "{B4C6994E-EAB1-4D80-8588-111DCA41C2B1}"
EndProject
Global
	GlobalSection(SolutionConfigurationPlatforms) = preSolution
		Debug|Any CPU = Debug|Any CPU
		Release|Any CPU = Release|Any CPU
	EndGlobalSection
	GlobalSection(ProjectConfigurationPlatforms) = postSolution
		{B4C6994E-EAB1-4D80-8588-111DCA41C2B1}.Debug|Any CPU.ActiveCfg = Debug|Any CPU
		{B4C6994E-EAB1-4D80-8588-111DCA41C2B1}.Debug|Any CPU.Build.0 = Debug|Any CPU
		{B4C6994E-EAB1-4D80-8588-111DCA41C2B1}.Release|Any CPU.ActiveCfg = Release|Any CPU
		{B4C6994E-EAB1-4D80-8588-111DCA41C2B1}.Release|Any CPU.Build.0 = Release|Any CPU
	EndGlobalSection
EndGlobal
